
Microsoft Visual Studio Solution File, Format Version 9.00
# Visual Studio 2005
Project("{FAE04EC0-301F-11D3-BF4B-00C04F79EFBC}") = "LLRP", "LLRP\LLRP.csproj", "{1C0436C6-1226-4B5C-BE7D-8AC69AEB66FC}"
	ProjectSection(ProjectDependencies) = postProject
		{DD81CCB5-7E38-4A9B-8259-0AA4399D03F0} = {DD81CCB5-7E38-4A9B-8259-0AA4399D03F0}
	EndProjectSection
EndProject
Project("{FAE04EC0-301F-11D3-BF4B-00C04F79EFBC}") = "LLRPVendorExt", "LLRPVendorExt\LLRPVendorExt.csproj", "{F6CB4F46-CAB9-4680-9FB3-5945C12E65E3}"
EndProject
Project("{FAE04EC0-301F-11D3-BF4B-00C04F79EFBC}") = "LLRPTest", "LLRPTest\LLRPTest.csproj", "{05148D22-BADC-44E7-88B8-FB16C026217F}"
EndProject
Project("{FAE04EC0-301F-11D3-BF4B-00C04F79EFBC}") = "CodeGenerator", "CodeGenerator\CodeGenerator.csproj", "{DD81CCB5-7E38-4A9B-8259-0AA4399D03F0}"
EndProject
Project("{FAE04EC0-301F-11D3-BF4B-00C04F79EFBC}") = "LLRP2XML", "LLRP2XML\LLRP2XML.csproj", "{998778C6-9D81-4886-951D-B99C6A9602E8}"
	ProjectSection(ProjectDependencies) = postProject
		{1C0436C6-1226-4B5C-BE7D-8AC69AEB66FC} = {1C0436C6-1226-4B5C-BE7D-8AC69AEB66FC}
	EndProjectSection
EndProject
Project("{FAE04EC0-301F-11D3-BF4B-00C04F79EFBC}") = "XML2LLRP", "XML2LLRP\XML2LLRP.csproj", "{72581EA4-5751-4AE8-8E6B-11F2D552A8F9}"
	ProjectSection(ProjectDependencies) = postProject
		{1C0436C6-1226-4B5C-BE7D-8AC69AEB66FC} = {1C0436C6-1226-4B5C-BE7D-8AC69AEB66FC}
	EndProjectSection
EndProject
Project("{FAE04EC0-301F-11D3-BF4B-00C04F79EFBC}") = "LLRP2LLRP", "LLRP2LLRP\LLRP2LLRP.csproj", "{60C779DF-7EA4-4CB5-8AD8-356E0664C3E3}"
EndProject
Global
	GlobalSection(SolutionConfigurationPlatforms) = preSolution
		Debug|Any CPU = Debug|Any CPU
		Debug|Mixed Platforms = Debug|Mixed Platforms
		Debug|Win32 = Debug|Win32
		Release|Any CPU = Release|Any CPU
		Release|Mixed Platforms = Release|Mixed Platforms
		Release|Win32 = Release|Win32
	EndGlobalSection
	GlobalSection(ProjectConfigurationPlatforms) = postSolution
		{1C0436C6-1226-4B5C-BE7D-8AC69AEB66FC}.Debug|Any CPU.ActiveCfg = Debug|Any CPU
		{1C0436C6-1226-4B5C-BE7D-8AC69AEB66FC}.Debug|Any CPU.Build.0 = Debug|Any CPU
		{1C0436C6-1226-4B5C-BE7D-8AC69AEB66FC}.Debug|Mixed Platforms.ActiveCfg = Debug|Any CPU
		{1C0436C6-1226-4B5C-BE7D-8AC69AEB66FC}.Debug|Mixed Platforms.Build.0 = Debug|Any CPU
		{1C0436C6-1226-4B5C-BE7D-8AC69AEB66FC}.Debug|Win32.ActiveCfg = Debug|Any CPU
		{1C0436C6-1226-4B5C-BE7D-8AC69AEB66FC}.Release|Any CPU.ActiveCfg = Release|Any CPU
		{1C0436C6-1226-4B5C-BE7D-8AC69AEB66FC}.Release|Any CPU.Build.0 = Release|Any CPU
		{1C0436C6-1226-4B5C-BE7D-8AC69AEB66FC}.Release|Mixed Platforms.ActiveCfg = Release|Any CPU
		{1C0436C6-1226-4B5C-BE7D-8AC69AEB66FC}.Release|Mixed Platforms.Build.0 = Release|Any CPU
		{1C0436C6-1226-4B5C-BE7D-8AC69AEB66FC}.Release|Win32.ActiveCfg = Release|Any CPU
		{F6CB4F46-CAB9-4680-9FB3-5945C12E65E3}.Debug|Any CPU.ActiveCfg = Debug|Any CPU
		{F6CB4F46-CAB9-4680-9FB3-5945C12E65E3}.Debug|Any CPU.Build.0 = Debug|Any CPU
		{F6CB4F46-CAB9-4680-9FB3-5945C12E65E3}.Debug|Mixed Platforms.ActiveCfg = Debug|Any CPU
		{F6CB4F46-CAB9-4680-9FB3-5945C12E65E3}.Debug|Mixed Platforms.Build.0 = Debug|Any CPU
		{F6CB4F46-CAB9-4680-9FB3-5945C12E65E3}.Debug|Win32.ActiveCfg = Debug|Any CPU
		{F6CB4F46-CAB9-4680-9FB3-5945C12E65E3}.Release|Any CPU.ActiveCfg = Release|Any CPU
		{F6CB4F46-CAB9-4680-9FB3-5945C12E65E3}.Release|Any CPU.Build.0 = Release|Any CPU
		{F6CB4F46-CAB9-4680-9FB3-5945C12E65E3}.Release|Mixed Platforms.ActiveCfg = Release|Any CPU
		{F6CB4F46-CAB9-4680-9FB3-5945C12E65E3}.Release|Mixed Platforms.Build.0 = Release|Any CPU
		{F6CB4F46-CAB9-4680-9FB3-5945C12E65E3}.Release|Win32.ActiveCfg = Release|Any CPU
		{05148D22-BADC-44E7-88B8-FB16C026217F}.Debug|Any CPU.ActiveCfg = Debug|Any CPU
		{05148D22-BADC-44E7-88B8-FB16C026217F}.Debug|Any CPU.Build.0 = Debug|Any CPU
		{05148D22-BADC-44E7-88B8-FB16C026217F}.Debug|Mixed Platforms.ActiveCfg = Debug|Any CPU
		{05148D22-BADC-44E7-88B8-FB16C026217F}.Debug|Mixed Platforms.Build.0 = Debug|Any CPU
		{05148D22-BADC-44E7-88B8-FB16C026217F}.Debug|Win32.ActiveCfg = Debug|Any CPU
		{05148D22-BADC-44E7-88B8-FB16C026217F}.Release|Any CPU.ActiveCfg = Release|Any CPU
		{05148D22-BADC-44E7-88B8-FB16C026217F}.Release|Any CPU.Build.0 = Release|Any CPU
		{05148D22-BADC-44E7-88B8-FB16C026217F}.Release|Mixed Platforms.ActiveCfg = Release|Any CPU
		{05148D22-BADC-44E7-88B8-FB16C026217F}.Release|Mixed Platforms.Build.0 = Release|Any CPU
		{05148D22-BADC-44E7-88B8-FB16C026217F}.Release|Win32.ActiveCfg = Release|Any CPU
		{DD81CCB5-7E38-4A9B-8259-0AA4399D03F0}.Debug|Any CPU.ActiveCfg = Debug|Any CPU
		{DD81CCB5-7E38-4A9B-8259-0AA4399D03F0}.Debug|Any CPU.Build.0 = Debug|Any CPU
		{DD81CCB5-7E38-4A9B-8259-0AA4399D03F0}.Debug|Mixed Platforms.ActiveCfg = Debug|Any CPU
		{DD81CCB5-7E38-4A9B-8259-0AA4399D03F0}.Debug|Mixed Platforms.Build.0 = Debug|Any CPU
		{DD81CCB5-7E38-4A9B-8259-0AA4399D03F0}.Debug|Win32.ActiveCfg = Debug|Any CPU
		{DD81CCB5-7E38-4A9B-8259-0AA4399D03F0}.Release|Any CPU.ActiveCfg = Release|Any CPU
		{DD81CCB5-7E38-4A9B-8259-0AA4399D03F0}.Release|Any CPU.Build.0 = Release|Any CPU
		{DD81CCB5-7E38-4A9B-8259-0AA4399D03F0}.Release|Mixed Platforms.ActiveCfg = Release|Any CPU
		{DD81CCB5-7E38-4A9B-8259-0AA4399D03F0}.Release|Mixed Platforms.Build.0 = Release|Any CPU
		{DD81CCB5-7E38-4A9B-8259-0AA4399D03F0}.Release|Win32.ActiveCfg = Release|Any CPU
		{998778C6-9D81-4886-951D-B99C6A9602E8}.Debug|Any CPU.ActiveCfg = Debug|Any CPU
		{998778C6-9D81-4886-951D-B99C6A9602E8}.Debug|Any CPU.Build.0 = Debug|Any CPU
		{998778C6-9D81-4886-951D-B99C6A9602E8}.Debug|Mixed Platforms.ActiveCfg = Debug|Any CPU
		{998778C6-9D81-4886-951D-B99C6A9602E8}.Debug|Mixed Platforms.Build.0 = Debug|Any CPU
		{998778C6-9D81-4886-951D-B99C6A9602E8}.Debug|Win32.ActiveCfg = Debug|Any CPU
		{998778C6-9D81-4886-951D-B99C6A9602E8}.Release|Any CPU.ActiveCfg = Release|Any CPU
		{998778C6-9D81-4886-951D-B99C6A9602E8}.Release|Any CPU.Build.0 = Release|Any CPU
		{998778C6-9D81-4886-951D-B99C6A9602E8}.Release|Mixed Platforms.ActiveCfg = Release|Any CPU
		{998778C6-9D81-4886-951D-B99C6A9602E8}.Release|Mixed Platforms.Build.0 = Release|Any CPU
		{998778C6-9D81-4886-951D-B99C6A9602E8}.Release|Win32.ActiveCfg = Release|Any CPU
		{72581EA4-5751-4AE8-8E6B-11F2D552A8F9}.Debug|Any CPU.ActiveCfg = Debug|Any CPU
		{72581EA4-5751-4AE8-8E6B-11F2D552A8F9}.Debug|Any CPU.Build.0 = Debug|Any CPU
		{72581EA4-5751-4AE8-8E6B-11F2D552A8F9}.Debug|Mixed Platforms.ActiveCfg = Debug|Any CPU
		{72581EA4-5751-4AE8-8E6B-11F2D552A8F9}.Debug|Mixed Platforms.Build.0 = Debug|Any CPU
		{72581EA4-5751-4AE8-8E6B-11F2D552A8F9}.Debug|Win32.ActiveCfg = Debug|Any CPU
		{72581EA4-5751-4AE8-8E6B-11F2D552A8F9}.Release|Any CPU.ActiveCfg = Release|Any CPU
		{72581EA4-5751-4AE8-8E6B-11F2D552A8F9}.Release|Any CPU.Build.0 = Release|Any CPU
		{72581EA4-5751-4AE8-8E6B-11F2D552A8F9}.Release|Mixed Platforms.ActiveCfg = Release|Any CPU
		{72581EA4-5751-4AE8-8E6B-11F2D552A8F9}.Release|Mixed Platforms.Build.0 = Release|Any CPU
		{72581EA4-5751-4AE8-8E6B-11F2D552A8F9}.Release|Win32.ActiveCfg = Release|Any CPU
		{60C779DF-7EA4-4CB5-8AD8-356E0664C3E3}.Debug|Any CPU.ActiveCfg = Debug|Any CPU
		{60C779DF-7EA4-4CB5-8AD8-356E0664C3E3}.Debug|Any CPU.Build.0 = Debug|Any CPU
		{60C779DF-7EA4-4CB5-8AD8-356E0664C3E3}.Debug|Mixed Platforms.ActiveCfg = Debug|Any CPU
		{60C779DF-7EA4-4CB5-8AD8-356E0664C3E3}.Debug|Mixed Platforms.Build.0 = Debug|Any CPU
		{60C779DF-7EA4-4CB5-8AD8-356E0664C3E3}.Debug|Win32.ActiveCfg = Debug|Any CPU
		{60C779DF-7EA4-4CB5-8AD8-356E0664C3E3}.Release|Any CPU.ActiveCfg = Release|Any CPU
		{60C779DF-7EA4-4CB5-8AD8-356E0664C3E3}.Release|Any CPU.Build.0 = Release|Any CPU
		{60C779DF-7EA4-4CB5-8AD8-356E0664C3E3}.Release|Mixed Platforms.ActiveCfg = Release|Any CPU
		{60C779DF-7EA4-4CB5-8AD8-356E0664C3E3}.Release|Mixed Platforms.Build.0 = Release|Any CPU
		{60C779DF-7EA4-4CB5-8AD8-356E0664C3E3}.Release|Win32.ActiveCfg = Release|Any CPU
	EndGlobalSection
	GlobalSection(SolutionProperties) = preSolution
		HideSolutionNode = FALSE
	EndGlobalSection
EndGlobal
